
Microsoft Visual Studio Solution File, Format Version 12.00
# Visual Studio 15
VisualStudioVersion = 15.0.26430.16
MinimumVisualStudioVersion = 10.0.40219.1
Project("{FAE04EC0-301F-11D3-BF4B-00C04F79EFBC}") = "ForeignExchageMVVM.Android", "ForeignExchageMVVM\ForeignExchageMVVM.Android\ForeignExchageMVVM.Android.csproj", "{2D9F3A96-0316-4A6D-BDCE-30AFFD468093}"
EndProject
Project("{FAE04EC0-301F-11D3-BF4B-00C04F79EFBC}") = "ForeignExchageMVVM", "ForeignExchageMVVM\ForeignExchageMVVM\ForeignExchageMVVM.csproj", "{E6B7AE55-8E21-4B21-98AB-E80F614BFA5F}"
EndProject
Project("{FAE04EC0-301F-11D3-BF4B-00C04F79EFBC}") = "ForeignExchageMVVM.UWP", "ForeignExchageMVVM\ForeignExchageMVVM.UWP\ForeignExchageMVVM.UWP.csproj", "{5D39FDF3-96B4-4312-AF58-25BB745E8768}"
EndProject
Project("{FAE04EC0-301F-11D3-BF4B-00C04F79EFBC}") = "ForeignExchageMVVM.iOS", "ForeignExchageMVVM\ForeignExchageMVVM.iOS\ForeignExchageMVVM.iOS.csproj", "{F27B11EA-2959-4AAC-B16D-3D43C68D259A}"
EndProject
Global
	GlobalSection(SolutionConfigurationPlatforms) = preSolution
		Ad-Hoc|Any CPU = Ad-Hoc|Any CPU
		Ad-Hoc|ARM = Ad-Hoc|ARM
		Ad-Hoc|iPhone = Ad-Hoc|iPhone
		Ad-Hoc|iPhoneSimulator = Ad-Hoc|iPhoneSimulator
		Ad-Hoc|x64 = Ad-Hoc|x64
		Ad-Hoc|x86 = Ad-Hoc|x86
		AppStore|Any CPU = AppStore|Any CPU
		AppStore|ARM = AppStore|ARM
		AppStore|iPhone = AppStore|iPhone
		AppStore|iPhoneSimulator = AppStore|iPhoneSimulator
		AppStore|x64 = AppStore|x64
		AppStore|x86 = AppStore|x86
		Debug|Any CPU = Debug|Any CPU
		Debug|ARM = Debug|ARM
		Debug|iPhone = Debug|iPhone
		Debug|iPhoneSimulator = Debug|iPhoneSimulator
		Debug|x64 = Debug|x64
		Debug|x86 = Debug|x86
		Release|Any CPU = Release|Any CPU
		Release|ARM = Release|ARM
		Release|iPhone = Release|iPhone
		Release|iPhoneSimulator = Release|iPhoneSimulator
		Release|x64 = Release|x64
		Release|x86 = Release|x86
	EndGlobalSection
	GlobalSection(ProjectConfigurationPlatforms) = postSolution
		{2D9F3A96-0316-4A6D-BDCE-30AFFD468093}.Ad-Hoc|Any CPU.ActiveCfg = Release|Any CPU
		{2D9F3A96-0316-4A6D-BDCE-30AFFD468093}.Ad-Hoc|Any CPU.Build.0 = Release|Any CPU
		{2D9F3A96-0316-4A6D-BDCE-30AFFD468093}.Ad-Hoc|Any CPU.Deploy.0 = Release|Any CPU
		{2D9F3A96-0316-4A6D-BDCE-30AFFD468093}.Ad-Hoc|ARM.ActiveCfg = Release|Any CPU
		{2D9F3A96-0316-4A6D-BDCE-30AFFD468093}.Ad-Hoc|ARM.Build.0 = Release|Any CPU
		{2D9F3A96-0316-4A6D-BDCE-30AFFD468093}.Ad-Hoc|ARM.Deploy.0 = Release|Any CPU
		{2D9F3A96-0316-4A6D-BDCE-30AFFD468093}.Ad-Hoc|iPhone.ActiveCfg = Release|Any CPU
		{2D9F3A96-0316-4A6D-BDCE-30AFFD468093}.Ad-Hoc|iPhone.Build.0 = Release|Any CPU
		{2D9F3A96-0316-4A6D-BDCE-30AFFD468093}.Ad-Hoc|iPhone.Deploy.0 = Release|Any CPU
		{2D9F3A96-0316-4A6D-BDCE-30AFFD468093}.Ad-Hoc|iPhoneSimulator.ActiveCfg = Release|Any CPU
		{2D9F3A96-0316-4A6D-BDCE-30AFFD468093}.Ad-Hoc|iPhoneSimulator.Build.0 = Release|Any CPU
		{2D9F3A96-0316-4A6D-BDCE-30AFFD468093}.Ad-Hoc|iPhoneSimulator.Deploy.0 = Release|Any CPU
		{2D9F3A96-0316-4A6D-BDCE-30AFFD468093}.Ad-Hoc|x64.ActiveCfg = Release|Any CPU
		{2D9F3A96-0316-4A6D-BDCE-30AFFD468093}.Ad-Hoc|x64.Build.0 = Release|Any CPU
		{2D9F3A96-0316-4A6D-BDCE-30AFFD468093}.Ad-Hoc|x64.Deploy.0 = Release|Any CPU
		{2D9F3A96-0316-4A6D-BDCE-30AFFD468093}.Ad-Hoc|x86.ActiveCfg = Release|Any CPU
		{2D9F3A96-0316-4A6D-BDCE-30AFFD468093}.Ad-Hoc|x86.Build.0 = Release|Any CPU
		{2D9F3A96-0316-4A6D-BDCE-30AFFD468093}.Ad-Hoc|x86.Deploy.0 = Release|Any CPU
		{2D9F3A96-0316-4A6D-BDCE-30AFFD468093}.AppStore|Any CPU.ActiveCfg = Release|Any CPU
		{2D9F3A96-0316-4A6D-BDCE-30AFFD468093}.AppStore|Any CPU.Build.0 = Release|Any CPU
		{2D9F3A96-0316-4A6D-BDCE-30AFFD468093}.AppStore|Any CPU.Deploy.0 = Release|Any CPU
		{2D9F3A96-0316-4A6D-BDCE-30AFFD468093}.AppStore|ARM.ActiveCfg = Release|Any CPU
		{2D9F3A96-0316-4A6D-BDCE-30AFFD468093}.AppStore|ARM.Build.0 = Release|Any CPU
		{2D9F3A96-0316-4A6D-BDCE-30AFFD468093}.AppStore|ARM.Deploy.0 = Release|Any CPU
		{2D9F3A96-0316-4A6D-BDCE-30AFFD468093}.AppStore|iPhone.ActiveCfg = Release|Any CPU
		{2D9F3A96-0316-4A6D-BDCE-30AFFD468093}.AppStore|iPhone.Build.0 = Release|Any CPU
		{2D9F3A96-0316-4A6D-BDCE-30AFFD468093}.AppStore|iPhone.Deploy.0 = Release|Any CPU
		{2D9F3A96-0316-4A6D-BDCE-30AFFD468093}.AppStore|iPhoneSimulator.ActiveCfg = Release|Any CPU
		{2D9F3A96-0316-4A6D-BDCE-30AFFD468093}.AppStore|iPhoneSimulator.Build.0 = Release|Any CPU
		{2D9F3A96-0316-4A6D-BDCE-30AFFD468093}.AppStore|iPhoneSimulator.Deploy.0 = Release|Any CPU
		{2D9F3A96-0316-4A6D-BDCE-30AFFD468093}.AppStore|x64.ActiveCfg = Release|Any CPU
		{2D9F3A96-0316-4A6D-BDCE-30AFFD468093}.AppStore|x64.Build.0 = Release|Any CPU
		{2D9F3A96-0316-4A6D-BDCE-30AFFD468093}.AppStore|x64.Deploy.0 = Release|Any CPU
		{2D9F3A96-0316-4A6D-BDCE-30AFFD468093}.AppStore|x86.ActiveCfg = Release|Any CPU
		{2D9F3A96-0316-4A6D-BDCE-30AFFD468093}.AppStore|x86.Build.0 = Release|Any CPU
		{2D9F3A96-0316-4A6D-BDCE-30AFFD468093}.AppStore|x86.Deploy.0 = Release|Any CPU
		{2D9F3A96-0316-4A6D-BDCE-30AFFD468093}.Debug|Any CPU.ActiveCfg = Debug|Any CPU
		{2D9F3A96-0316-4A6D-BDCE-30AFFD468093}.Debug|Any CPU.Build.0 = Debug|Any CPU
		{2D9F3A96-0316-4A6D-BDCE-30AFFD468093}.Debug|Any CPU.Deploy.0 = Debug|Any CPU
		{2D9F3A96-0316-4A6D-BDCE-30AFFD468093}.Debug|ARM.ActiveCfg = Debug|Any CPU
		{2D9F3A96-0316-4A6D-BDCE-30AFFD468093}.Debug|ARM.Build.0 = Debug|Any CPU
		{2D9F3A96-0316-4A6D-BDCE-30AFFD468093}.Debug|ARM.Deploy.0 = Debug|Any CPU
		{2D9F3A96-0316-4A6D-BDCE-30AFFD468093}.Debug|iPhone.ActiveCfg = Debug|Any CPU
		{2D9F3A96-0316-4A6D-BDCE-30AFFD468093}.Debug|iPhone.Build.0 = Debug|Any CPU
		{2D9F3A96-0316-4A6D-BDCE-30AFFD468093}.Debug|iPhone.Deploy.0 = Debug|Any CPU
		{2D9F3A96-0316-4A6D-BDCE-30AFFD468093}.Debug|iPhoneSimulator.ActiveCfg = Debug|Any CPU
		{2D9F3A96-0316-4A6D-BDCE-30AFFD468093}.Debug|iPhoneSimulator.Build.0 = Debug|Any CPU
		{2D9F3A96-0316-4A6D-BDCE-30AFFD468093}.Debug|iPhoneSimulator.Deploy.0 = Debug|Any CPU
		{2D9F3A96-0316-4A6D-BDCE-30AFFD468093}.Debug|x64.ActiveCfg = Debug|Any CPU
		{2D9F3A96-0316-4A6D-BDCE-30AFFD468093}.Debug|x64.Build.0 = Debug|Any CPU
		{2D9F3A96-0316-4A6D-BDCE-30AFFD468093}.Debug|x64.Deploy.0 = Debug|Any CPU
		{2D9F3A96-0316-4A6D-BDCE-30AFFD468093}.Debug|x86.ActiveCfg = Debug|Any CPU
		{2D9F3A96-0316-4A6D-BDCE-30AFFD468093}.Debug|x86.Build.0 = Debug|Any CPU
		{2D9F3A96-0316-4A6D-BDCE-30AFFD468093}.Debug|x86.Deploy.0 = Debug|Any CPU
		{2D9F3A96-0316-4A6D-BDCE-30AFFD468093}.Release|Any CPU.ActiveCfg = Release|Any CPU
		{2D9F3A96-0316-4A6D-BDCE-30AFFD468093}.Release|Any CPU.Build.0 = Release|Any CPU
		{2D9F3A96-0316-4A6D-BDCE-30AFFD468093}.Release|Any CPU.Deploy.0 = Release|Any CPU
		{2D9F3A96-0316-4A6D-BDCE-30AFFD468093}.Release|ARM.ActiveCfg = Release|Any CPU
		{2D9F3A96-0316-4A6D-BDCE-30AFFD468093}.Release|ARM.Build.0 = Release|Any CPU
		{2D9F3A96-0316-4A6D-BDCE-30AFFD468093}.Release|ARM.Deploy.0 = Release|Any CPU
		{2D9F3A96-0316-4A6D-BDCE-30AFFD468093}.Release|iPhone.ActiveCfg = Release|Any CPU
		{2D9F3A96-0316-4A6D-BDCE-30AFFD468093}.Release|iPhone.Build.0 = Release|Any CPU
		{2D9F3A96-0316-4A6D-BDCE-30AFFD468093}.Release|iPhone.Deploy.0 = Release|Any CPU
		{2D9F3A96-0316-4A6D-BDCE-30AFFD468093}.Release|iPhoneSimulator.ActiveCfg = Release|Any CPU
		{2D9F3A96-0316-4A6D-BDCE-30AFFD468093}.Release|iPhoneSimulator.Build.0 = Release|Any CPU
		{2D9F3A96-0316-4A6D-BDCE-30AFFD468093}.Release|iPhoneSimulator.Deploy.0 = Release|Any CPU
		{2D9F3A96-0316-4A6D-BDCE-30AFFD468093}.Release|x64.ActiveCfg = Release|Any CPU
		{2D9F3A96-0316-4A6D-BDCE-30AFFD468093}.Release|x64.Build.0 = Release|Any CPU
		{2D9F3A96-0316-4A6D-BDCE-30AFFD468093}.Release|x64.Deploy.0 = Release|Any CPU
		{2D9F3A96-0316-4A6D-BDCE-30AFFD468093}.Release|x86.ActiveCfg = Release|Any CPU
		{2D9F3A96-0316-4A6D-BDCE-30AFFD468093}.Release|x86.Build.0 = Release|Any CPU
		{2D9F3A96-0316-4A6D-BDCE-30AFFD468093}.Release|x86.Deploy.0 = Release|Any CPU
		{E6B7AE55-8E21-4B21-98AB-E80F614BFA5F}.Ad-Hoc|Any CPU.ActiveCfg = Release|Any CPU
		{E6B7AE55-8E21-4B21-98AB-E80F614BFA5F}.Ad-Hoc|Any CPU.Build.0 = Release|Any CPU
		{E6B7AE55-8E21-4B21-98AB-E80F614BFA5F}.Ad-Hoc|ARM.ActiveCfg = Release|Any CPU
		{E6B7AE55-8E21-4B21-98AB-E80F614BFA5F}.Ad-Hoc|ARM.Build.0 = Release|Any CPU
		{E6B7AE55-8E21-4B21-98AB-E80F614BFA5F}.Ad-Hoc|iPhone.ActiveCfg = Release|Any CPU
		{E6B7AE55-8E21-4B21-98AB-E80F614BFA5F}.Ad-Hoc|iPhone.Build.0 = Release|Any CPU
		{E6B7AE55-8E21-4B21-98AB-E80F614BFA5F}.Ad-Hoc|iPhoneSimulator.ActiveCfg = Release|Any CPU
		{E6B7AE55-8E21-4B21-98AB-E80F614BFA5F}.Ad-Hoc|iPhoneSimulator.Build.0 = Release|Any CPU
		{E6B7AE55-8E21-4B21-98AB-E80F614BFA5F}.Ad-Hoc|x64.ActiveCfg = Release|Any CPU
		{E6B7AE55-8E21-4B21-98AB-E80F614BFA5F}.Ad-Hoc|x64.Build.0 = Release|Any CPU
		{E6B7AE55-8E21-4B21-98AB-E80F614BFA5F}.Ad-Hoc|x86.ActiveCfg = Release|Any CPU
		{E6B7AE55-8E21-4B21-98AB-E80F614BFA5F}.Ad-Hoc|x86.Build.0 = Release|Any CPU
		{E6B7AE55-8E21-4B21-98AB-E80F614BFA5F}.AppStore|Any CPU.ActiveCfg = Release|Any CPU
		{E6B7AE55-8E21-4B21-98AB-E80F614BFA5F}.AppStore|Any CPU.Build.0 = Release|Any CPU
		{E6B7AE55-8E21-4B21-98AB-E80F614BFA5F}.AppStore|ARM.ActiveCfg = Release|Any CPU
		{E6B7AE55-8E21-4B21-98AB-E80F614BFA5F}.AppStore|ARM.Build.0 = Release|Any CPU
		{E6B7AE55-8E21-4B21-98AB-E80F614BFA5F}.AppStore|iPhone.ActiveCfg = Release|Any CPU
		{E6B7AE55-8E21-4B21-98AB-E80F614BFA5F}.AppStore|iPhone.Build.0 = Release|Any CPU
		{E6B7AE55-8E21-4B21-98AB-E80F614BFA5F}.AppStore|iPhoneSimulator.ActiveCfg = Release|Any CPU
		{E6B7AE55-8E21-4B21-98AB-E80F614BFA5F}.AppStore|iPhoneSimulator.Build.0 = Release|Any CPU
		{E6B7AE55-8E21-4B21-98AB-E80F614BFA5F}.AppStore|x64.ActiveCfg = Release|Any CPU
		{E6B7AE55-8E21-4B21-98AB-E80F614BFA5F}.AppStore|x64.Build.0 = Release|Any CPU
		{E6B7AE55-8E21-4B21-98AB-E80F614BFA5F}.AppStore|x86.ActiveCfg = Release|Any CPU
		{E6B7AE55-8E21-4B21-98AB-E80F614BFA5F}.AppStore|x86.Build.0 = Release|Any CPU
		{E6B7AE55-8E21-4B21-98AB-E80F614BFA5F}.Debug|Any CPU.ActiveCfg = Debug|Any CPU
		{E6B7AE55-8E21-4B21-98AB-E80F614BFA5F}.Debug|Any CPU.Build.0 = Debug|Any CPU
		{E6B7AE55-8E21-4B21-98AB-E80F614BFA5F}.Debug|ARM.ActiveCfg = Debug|Any CPU
		{E6B7AE55-8E21-4B21-98AB-E80F614BFA5F}.Debug|ARM.Build.0 = Debug|Any CPU
		{E6B7AE55-8E21-4B21-98AB-E80F614BFA5F}.Debug|iPhone.ActiveCfg = Debug|Any CPU
		{E6B7AE55-8E21-4B21-98AB-E80F614BFA5F}.Debug|iPhone.Build.0 = Debug|Any CPU
		{E6B7AE55-8E21-4B21-98AB-E80F614BFA5F}.Debug|iPhoneSimulator.ActiveCfg = Debug|Any CPU
		{E6B7AE55-8E21-4B21-98AB-E80F614BFA5F}.Debug|iPhoneSimulator.Build.0 = Debug|Any CPU
		{E6B7AE55-8E21-4B21-98AB-E80F614BFA5F}.Debug|x64.ActiveCfg = Debug|Any CPU
		{E6B7AE55-8E21-4B21-98AB-E80F614BFA5F}.Debug|x64.Build.0 = Debug|Any CPU
		{E6B7AE55-8E21-4B21-98AB-E80F614BFA5F}.Debug|x86.ActiveCfg = Debug|Any CPU
		{E6B7AE55-8E21-4B21-98AB-E80F614BFA5F}.Debug|x86.Build.0 = Debug|Any CPU
		{E6B7AE55-8E21-4B21-98AB-E80F614BFA5F}.Release|Any CPU.ActiveCfg = Release|Any CPU
		{E6B7AE55-8E21-4B21-98AB-E80F614BFA5F}.Release|Any CPU.Build.0 = Release|Any CPU
		{E6B7AE55-8E21-4B21-98AB-E80F614BFA5F}.Release|ARM.ActiveCfg = Release|Any CPU
		{E6B7AE55-8E21-4B21-98AB-E80F614BFA5F}.Release|ARM.Build.0 = Release|Any CPU
		{E6B7AE55-8E21-4B21-98AB-E80F614BFA5F}.Release|iPhone.ActiveCfg = Release|Any CPU
		{E6B7AE55-8E21-4B21-98AB-E80F614BFA5F}.Release|iPhone.Build.0 = Release|Any CPU
		{E6B7AE55-8E21-4B21-98AB-E80F614BFA5F}.Release|iPhoneSimulator.ActiveCfg = Release|Any CPU
		{E6B7AE55-8E21-4B21-98AB-E80F614BFA5F}.Release|iPhoneSimulator.Build.0 = Release|Any CPU
		{E6B7AE55-8E21-4B21-98AB-E80F614BFA5F}.Release|x64.ActiveCfg = Release|Any CPU
		{E6B7AE55-8E21-4B21-98AB-E80F614BFA5F}.Release|x64.Build.0 = Release|Any CPU
		{E6B7AE55-8E21-4B21-98AB-E80F614BFA5F}.Release|x86.ActiveCfg = Release|Any CPU
		{E6B7AE55-8E21-4B21-98AB-E80F614BFA5F}.Release|x86.Build.0 = Release|Any CPU
		{5D39FDF3-96B4-4312-AF58-25BB745E8768}.Ad-Hoc|Any CPU.ActiveCfg = Release|x86
		{5D39FDF3-96B4-4312-AF58-25BB745E8768}.Ad-Hoc|Any CPU.Build.0 = Release|x86
		{5D39FDF3-96B4-4312-AF58-25BB745E8768}.Ad-Hoc|Any CPU.Deploy.0 = Release|x86
		{5D39FDF3-96B4-4312-AF58-25BB745E8768}.Ad-Hoc|ARM.ActiveCfg = Release|ARM
		{5D39FDF3-96B4-4312-AF58-25BB745E8768}.Ad-Hoc|ARM.Build.0 = Release|ARM
		{5D39FDF3-96B4-4312-AF58-25BB745E8768}.Ad-Hoc|ARM.Deploy.0 = Release|ARM
		{5D39FDF3-96B4-4312-AF58-25BB745E8768}.Ad-Hoc|iPhone.ActiveCfg = Release|x86
		{5D39FDF3-96B4-4312-AF58-25BB745E8768}.Ad-Hoc|iPhone.Build.0 = Release|x86
		{5D39FDF3-96B4-4312-AF58-25BB745E8768}.Ad-Hoc|iPhone.Deploy.0 = Release|x86
		{5D39FDF3-96B4-4312-AF58-25BB745E8768}.Ad-Hoc|iPhoneSimulator.ActiveCfg = Release|x86
		{5D39FDF3-96B4-4312-AF58-25BB745E8768}.Ad-Hoc|iPhoneSimulator.Build.0 = Release|x86
		{5D39FDF3-96B4-4312-AF58-25BB745E8768}.Ad-Hoc|iPhoneSimulator.Deploy.0 = Release|x86
		{5D39FDF3-96B4-4312-AF58-25BB745E8768}.Ad-Hoc|x64.ActiveCfg = Release|x64
		{5D39FDF3-96B4-4312-AF58-25BB745E8768}.Ad-Hoc|x64.Build.0 = Release|x64
		{5D39FDF3-96B4-4312-AF58-25BB745E8768}.Ad-Hoc|x64.Deploy.0 = Release|x64
		{5D39FDF3-96B4-4312-AF58-25BB745E8768}.Ad-Hoc|x86.ActiveCfg = Release|x86
		{5D39FDF3-96B4-4312-AF58-25BB745E8768}.Ad-Hoc|x86.Build.0 = Release|x86
		{5D39FDF3-96B4-4312-AF58-25BB745E8768}.Ad-Hoc|x86.Deploy.0 = Release|x86
		{5D39FDF3-96B4-4312-AF58-25BB745E8768}.AppStore|Any CPU.ActiveCfg = Release|x86
		{5D39FDF3-96B4-4312-AF58-25BB745E8768}.AppStore|Any CPU.Build.0 = Release|x86
		{5D39FDF3-96B4-4312-AF58-25BB745E8768}.AppStore|Any CPU.Deploy.0 = Release|x86
		{5D39FDF3-96B4-4312-AF58-25BB745E8768}.AppStore|ARM.ActiveCfg = Release|ARM
		{5D39FDF3-96B4-4312-AF58-25BB745E8768}.AppStore|ARM.Build.0 = Release|ARM
		{5D39FDF3-96B4-4312-AF58-25BB745E8768}.AppStore|ARM.Deploy.0 = Release|ARM
		{5D39FDF3-96B4-4312-AF58-25BB745E8768}.AppStore|iPhone.ActiveCfg = Release|x86
		{5D39FDF3-96B4-4312-AF58-25BB745E8768}.AppStore|iPhone.Build.0 = Release|x86
		{5D39FDF3-96B4-4312-AF58-25BB745E8768}.AppStore|iPhone.Deploy.0 = Release|x86
		{5D39FDF3-96B4-4312-AF58-25BB745E8768}.AppStore|iPhoneSimulator.ActiveCfg = Release|x86
		{5D39FDF3-96B4-4312-AF58-25BB745E8768}.AppStore|iPhoneSimulator.Build.0 = Release|x86
		{5D39FDF3-96B4-4312-AF58-25BB745E8768}.AppStore|iPhoneSimulator.Deploy.0 = Release|x86
		{5D39FDF3-96B4-4312-AF58-25BB745E8768}.AppStore|x64.ActiveCfg = Release|x64
		{5D39FDF3-96B4-4312-AF58-25BB745E8768}.AppStore|x64.Build.0 = Release|x64
		{5D39FDF3-96B4-4312-AF58-25BB745E8768}.AppStore|x64.Deploy.0 = Release|x64
		{5D39FDF3-96B4-4312-AF58-25BB745E8768}.AppStore|x86.ActiveCfg = Release|x86
		{5D39FDF3-96B4-4312-AF58-25BB745E8768}.AppStore|x86.Build.0 = Release|x86
		{5D39FDF3-96B4-4312-AF58-25BB745E8768}.AppStore|x86.Deploy.0 = Release|x86
		{5D39FDF3-96B4-4312-AF58-25BB745E8768}.Debug|Any CPU.ActiveCfg = Debug|x86
		{5D39FDF3-96B4-4312-AF58-25BB745E8768}.Debug|ARM.ActiveCfg = Debug|ARM
		{5D39FDF3-96B4-4312-AF58-25BB745E8768}.Debug|ARM.Build.0 = Debug|ARM
		{5D39FDF3-96B4-4312-AF58-25BB745E8768}.Debug|ARM.Deploy.0 = Debug|ARM
		{5D39FDF3-96B4-4312-AF58-25BB745E8768}.Debug|iPhone.ActiveCfg = Debug|x86
		{5D39FDF3-96B4-4312-AF58-25BB745E8768}.Debug|iPhoneSimulator.ActiveCfg = Debug|x86
		{5D39FDF3-96B4-4312-AF58-25BB745E8768}.Debug|x64.ActiveCfg = Debug|x64
		{5D39FDF3-96B4-4312-AF58-25BB745E8768}.Debug|x64.Build.0 = Debug|x64
		{5D39FDF3-96B4-4312-AF58-25BB745E8768}.Debug|x64.Deploy.0 = Debug|x64
		{5D39FDF3-96B4-4312-AF58-25BB745E8768}.Debug|x86.ActiveCfg = Debug|x86
		{5D39FDF3-96B4-4312-AF58-25BB745E8768}.Debug|x86.Build.0 = Debug|x86
		{5D39FDF3-96B4-4312-AF58-25BB745E8768}.Debug|x86.Deploy.0 = Debug|x86
		{5D39FDF3-96B4-4312-AF58-25BB745E8768}.Release|Any CPU.ActiveCfg = Release|x86
		{5D39FDF3-96B4-4312-AF58-25BB745E8768}.Release|ARM.ActiveCfg = Release|ARM
		{5D39FDF3-96B4-4312-AF58-25BB745E8768}.Release|ARM.Build.0 = Release|ARM
		{5D39FDF3-96B4-4312-AF58-25BB745E8768}.Release|ARM.Deploy.0 = Release|ARM
		{5D39FDF3-96B4-4312-AF58-25BB745E8768}.Release|iPhone.ActiveCfg = Release|x86
		{5D39FDF3-96B4-4312-AF58-25BB745E8768}.Release|iPhoneSimulator.ActiveCfg = Release|x86
		{5D39FDF3-96B4-4312-AF58-25BB745E8768}.Release|x64.ActiveCfg = Release|x64
		{5D39FDF3-96B4-4312-AF58-25BB745E8768}.Release|x64.Build.0 = Release|x64
		{5D39FDF3-96B4-4312-AF58-25BB745E8768}.Release|x64.Deploy.0 = Release|x64
		{5D39FDF3-96B4-4312-AF58-25BB745E8768}.Release|x86.ActiveCfg = Release|x86
		{5D39FDF3-96B4-4312-AF58-25BB745E8768}.Release|x86.Build.0 = Release|x86
		{5D39FDF3-96B4-4312-AF58-25BB745E8768}.Release|x86.Deploy.0 = Release|x86
		{F27B11EA-2959-4AAC-B16D-3D43C68D259A}.Ad-Hoc|Any CPU.ActiveCfg = Ad-Hoc|iPhone
		{F27B11EA-2959-4AAC-B16D-3D43C68D259A}.Ad-Hoc|ARM.ActiveCfg = Ad-Hoc|iPhone
		{F27B11EA-2959-4AAC-B16D-3D43C68D259A}.Ad-Hoc|iPhone.ActiveCfg = Ad-Hoc|iPhone
		{F27B11EA-2959-4AAC-B16D-3D43C68D259A}.Ad-Hoc|iPhone.Build.0 = Ad-Hoc|iPhone
		{F27B11EA-2959-4AAC-B16D-3D43C68D259A}.Ad-Hoc|iPhoneSimulator.ActiveCfg = Ad-Hoc|iPhoneSimulator
		{F27B11EA-2959-4AAC-B16D-3D43C68D259A}.Ad-Hoc|iPhoneSimulator.Build.0 = Ad-Hoc|iPhoneSimulator
		{F27B11EA-2959-4AAC-B16D-3D43C68D259A}.Ad-Hoc|x64.ActiveCfg = Ad-Hoc|iPhone
		{F27B11EA-2959-4AAC-B16D-3D43C68D259A}.Ad-Hoc|x86.ActiveCfg = Ad-Hoc|iPhone
		{F27B11EA-2959-4AAC-B16D-3D43C68D259A}.AppStore|Any CPU.ActiveCfg = AppStore|iPhone
		{F27B11EA-2959-4AAC-B16D-3D43C68D259A}.AppStore|ARM.ActiveCfg = AppStore|iPhone
		{F27B11EA-2959-4AAC-B16D-3D43C68D259A}.AppStore|iPhone.ActiveCfg = AppStore|iPhone
		{F27B11EA-2959-4AAC-B16D-3D43C68D259A}.AppStore|iPhone.Build.0 = AppStore|iPhone
		{F27B11EA-2959-4AAC-B16D-3D43C68D259A}.AppStore|iPhoneSimulator.ActiveCfg = AppStore|iPhoneSimulator
		{F27B11EA-2959-4AAC-B16D-3D43C68D259A}.AppStore|iPhoneSimulator.Build.0 = AppStore|iPhoneSimulator
		{F27B11EA-2959-4AAC-B16D-3D43C68D259A}.AppStore|x64.ActiveCfg = AppStore|iPhone
		{F27B11EA-2959-4AAC-B16D-3D43C68D259A}.AppStore|x86.ActiveCfg = AppStore|iPhone
		{F27B11EA-2959-4AAC-B16D-3D43C68D259A}.Debug|Any CPU.ActiveCfg = Debug|iPhone
		{F27B11EA-2959-4AAC-B16D-3D43C68D259A}.Debug|ARM.ActiveCfg = Debug|iPhone
		{F27B11EA-2959-4AAC-B16D-3D43C68D259A}.Debug|iPhone.ActiveCfg = Debug|iPhone
		{F27B11EA-2959-4AAC-B16D-3D43C68D259A}.Debug|iPhone.Build.0 = Debug|iPhone
		{F27B11EA-2959-4AAC-B16D-3D43C68D259A}.Debug|iPhoneSimulator.ActiveCfg = Debug|iPhoneSimulator
		{F27B11EA-2959-4AAC-B16D-3D43C68D259A}.Debug|iPhoneSimulator.Build.0 = Debug|iPhoneSimulator
		{F27B11EA-2959-4AAC-B16D-3D43C68D259A}.Debug|x64.ActiveCfg = Debug|iPhone
		{F27B11EA-2959-4AAC-B16D-3D43C68D259A}.Debug|x86.ActiveCfg = Debug|iPhone
		{F27B11EA-2959-4AAC-B16D-3D43C68D259A}.Release|Any CPU.ActiveCfg = Release|iPhone
		{F27B11EA-2959-4AAC-B16D-3D43C68D259A}.Release|ARM.ActiveCfg = Release|iPhone
		{F27B11EA-2959-4AAC-B16D-3D43C68D259A}.Release|iPhone.ActiveCfg = Release|iPhone
		{F27B11EA-2959-4AAC-B16D-3D43C68D259A}.Release|iPhone.Build.0 = Release|iPhone
		{F27B11EA-2959-4AAC-B16D-3D43C68D259A}.Release|iPhoneSimulator.ActiveCfg = Release|iPhoneSimulator
		{F27B11EA-2959-4AAC-B16D-3D43C68D259A}.Release|iPhoneSimulator.Build.0 = Release|iPhoneSimulator
		{F27B11EA-2959-4AAC-B16D-3D43C68D259A}.Release|x64.ActiveCfg = Release|iPhone
		{F27B11EA-2959-4AAC-B16D-3D43C68D259A}.Release|x86.ActiveCfg = Release|iPhone
	EndGlobalSection
	GlobalSection(SolutionProperties) = preSolution
		HideSolutionNode = FALSE
	EndGlobalSection
EndGlobal
